
Microsoft Visual Studio Solution File, Format Version 12.00
# Visual Studio 15
VisualStudioVersion = 15.0.28307.852
MinimumVisualStudioVersion = 10.0.40219.1
Project("{FAE04EC0-301F-11D3-BF4B-00C04F79EFBC}") = "ProjektSerwera", "ProjektSerwera\ProjektSerwera.csproj", "{FA4AF08B-F494-45B1-A0A3-E194ABE72189}"
EndProject
Project("{FAE04EC0-301F-11D3-BF4B-00C04F79EFBC}") = "SerwerDzielNa2Library", "SerwerDzielNa2Library\SerwerDzielNa2Library.csproj", "{90028713-47DC-4FCD-AC87-17874794035D}"
EndProject
Global
	GlobalSection(SolutionConfigurationPlatforms) = preSolution
		Debug|Any CPU = Debug|Any CPU
		Release|Any CPU = Release|Any CPU
	EndGlobalSection
	GlobalSection(ProjectConfigurationPlatforms) = postSolution
		{FA4AF08B-F494-45B1-A0A3-E194ABE72189}.Debug|Any CPU.ActiveCfg = Debug|Any CPU
		{FA4AF08B-F494-45B1-A0A3-E194ABE72189}.Debug|Any CPU.Build.0 = Debug|Any CPU
		{FA4AF08B-F494-45B1-A0A3-E194ABE72189}.Release|Any CPU.ActiveCfg = Release|Any CPU
		{FA4AF08B-F494-45B1-A0A3-E194ABE72189}.Release|Any CPU.Build.0 = Release|Any CPU
		{90028713-47DC-4FCD-AC87-17874794035D}.Debug|Any CPU.ActiveCfg = Debug|Any CPU
		{90028713-47DC-4FCD-AC87-17874794035D}.Debug|Any CPU.Build.0 = Debug|Any CPU
		{90028713-47DC-4FCD-AC87-17874794035D}.Release|Any CPU.ActiveCfg = Release|Any CPU
		{90028713-47DC-4FCD-AC87-17874794035D}.Release|Any CPU.Build.0 = Release|Any CPU
	EndGlobalSection
	GlobalSection(SolutionProperties) = preSolution
		HideSolutionNode = FALSE
	EndGlobalSection
	GlobalSection(ExtensibilityGlobals) = postSolution
		SolutionGuid = {32532DBB-1F65-4A27-A096-E539E0ABEEFC}
	EndGlobalSection
EndGlobal
